
Microsoft Visual Studio Solution File, Format Version 12.00
# Visual Studio 15
VisualStudioVersion = 15.0.27130.2036
MinimumVisualStudioVersion = 10.0.40219.1
Project("{FAE04EC0-301F-11D3-BF4B-00C04F79EFBC}") = "SelfHostedRemoteDesktop", "SelfHostedRemoteDesktop\SelfHostedRemoteDesktop.csproj", "{5F709681-6E61-48E1-80E4-656A7E65C9D0}"
EndProject
Project("{FAE04EC0-301F-11D3-BF4B-00C04F79EFBC}") = "websocket-sharp", "websocket-sharp\websocket-sharp.csproj", "{B357BAC7-529E-4D81-A0D2-71041B19C8DE}"
EndProject
Project("{FAE04EC0-301F-11D3-BF4B-00C04F79EFBC}") = "MasterServer", "MasterServer\MasterServer.csproj", "{6708D7C9-EB84-48C6-960A-D8164DD08FC8}"
EndProject
Project("{FAE04EC0-301F-11D3-BF4B-00C04F79EFBC}") = "SHRDLib", "SHRDLib\SHRDLib.csproj", "{015F6074-F1C4-4927-92C2-CAB7E27C6B54}"
EndProject
Project("{2150E333-8FDC-42A3-9474-1A3956D46DE8}") = "Solution Items", "Solution Items", "{64554C60-A5B8-4885-8E4F-9AE2C5F3D263}"
	ProjectSection(SolutionItems) = preProject
		TODO.txt = TODO.txt
	EndProjectSection
EndProject
Project("{FAE04EC0-301F-11D3-BF4B-00C04F79EFBC}") = "BPUtil", "..\BPUtil\BPUtil\BPUtil.csproj", "{A4981D8D-DEBF-4B34-B9CE-FF25520A02B7}"
EndProject
Global
	GlobalSection(SolutionConfigurationPlatforms) = preSolution
		Debug|Any CPU = Debug|Any CPU
		Debug|x64 = Debug|x64
		Release|Any CPU = Release|Any CPU
		Release|x64 = Release|x64
	EndGlobalSection
	GlobalSection(ProjectConfigurationPlatforms) = postSolution
		{5F709681-6E61-48E1-80E4-656A7E65C9D0}.Debug|Any CPU.ActiveCfg = Debug|x64
		{5F709681-6E61-48E1-80E4-656A7E65C9D0}.Debug|x64.ActiveCfg = Debug|x64
		{5F709681-6E61-48E1-80E4-656A7E65C9D0}.Debug|x64.Build.0 = Debug|x64
		{5F709681-6E61-48E1-80E4-656A7E65C9D0}.Release|Any CPU.ActiveCfg = Release|x64
		{5F709681-6E61-48E1-80E4-656A7E65C9D0}.Release|x64.ActiveCfg = Release|x64
		{5F709681-6E61-48E1-80E4-656A7E65C9D0}.Release|x64.Build.0 = Release|x64
		{B357BAC7-529E-4D81-A0D2-71041B19C8DE}.Debug|Any CPU.ActiveCfg = Debug|x64
		{B357BAC7-529E-4D81-A0D2-71041B19C8DE}.Debug|x64.ActiveCfg = Debug|x64
		{B357BAC7-529E-4D81-A0D2-71041B19C8DE}.Debug|x64.Build.0 = Debug|x64
		{B357BAC7-529E-4D81-A0D2-71041B19C8DE}.Release|Any CPU.ActiveCfg = Release|x64
		{B357BAC7-529E-4D81-A0D2-71041B19C8DE}.Release|x64.ActiveCfg = Release|x64
		{B357BAC7-529E-4D81-A0D2-71041B19C8DE}.Release|x64.Build.0 = Release|x64
		{6708D7C9-EB84-48C6-960A-D8164DD08FC8}.Debug|Any CPU.ActiveCfg = Debug|x64
		{6708D7C9-EB84-48C6-960A-D8164DD08FC8}.Debug|x64.ActiveCfg = Debug|x64
		{6708D7C9-EB84-48C6-960A-D8164DD08FC8}.Debug|x64.Build.0 = Debug|x64
		{6708D7C9-EB84-48C6-960A-D8164DD08FC8}.Release|Any CPU.ActiveCfg = Release|x64
		{6708D7C9-EB84-48C6-960A-D8164DD08FC8}.Release|x64.ActiveCfg = Release|x64
		{6708D7C9-EB84-48C6-960A-D8164DD08FC8}.Release|x64.Build.0 = Release|x64
		{015F6074-F1C4-4927-92C2-CAB7E27C6B54}.Debug|Any CPU.ActiveCfg = Debug|x64
		{015F6074-F1C4-4927-92C2-CAB7E27C6B54}.Debug|x64.ActiveCfg = Debug|x64
		{015F6074-F1C4-4927-92C2-CAB7E27C6B54}.Debug|x64.Build.0 = Debug|x64
		{015F6074-F1C4-4927-92C2-CAB7E27C6B54}.Release|Any CPU.ActiveCfg = Release|x64
		{015F6074-F1C4-4927-92C2-CAB7E27C6B54}.Release|x64.ActiveCfg = Release|x64
		{015F6074-F1C4-4927-92C2-CAB7E27C6B54}.Release|x64.Build.0 = Release|x64
		{A4981D8D-DEBF-4B34-B9CE-FF25520A02B7}.Debug|Any CPU.ActiveCfg = Debug|Any CPU
		{A4981D8D-DEBF-4B34-B9CE-FF25520A02B7}.Debug|Any CPU.Build.0 = Debug|Any CPU
		{A4981D8D-DEBF-4B34-B9CE-FF25520A02B7}.Debug|x64.ActiveCfg = Debug|Any CPU
		{A4981D8D-DEBF-4B34-B9CE-FF25520A02B7}.Debug|x64.Build.0 = Debug|Any CPU
		{A4981D8D-DEBF-4B34-B9CE-FF25520A02B7}.Release|Any CPU.ActiveCfg = Release|Any CPU
		{A4981D8D-DEBF-4B34-B9CE-FF25520A02B7}.Release|Any CPU.Build.0 = Release|Any CPU
		{A4981D8D-DEBF-4B34-B9CE-FF25520A02B7}.Release|x64.ActiveCfg = Release|Any CPU
		{A4981D8D-DEBF-4B34-B9CE-FF25520A02B7}.Release|x64.Build.0 = Release|Any CPU
	EndGlobalSection
	GlobalSection(SolutionProperties) = preSolution
		HideSolutionNode = FALSE
	EndGlobalSection
	GlobalSection(ExtensibilityGlobals) = postSolution
		SolutionGuid = {63BA163A-9B0A-4D7C-9777-88B60CD27EF0}
	EndGlobalSection
EndGlobal
